
Microsoft Visual Studio Solution File, Format Version 12.00
# Visual Studio 15
VisualStudioVersion = 15.0.28307.136
MinimumVisualStudioVersion = 10.0.40219.1
Project("{FAE04EC0-301F-11D3-BF4B-00C04F79EFBC}") = "Multiboxer", "Multiboxer\Multiboxer.csproj", "{96DFE32F-8D29-4E2D-BDA9-C38E0F2AEB45}"
EndProject
Global
	GlobalSection(SolutionConfigurationPlatforms) = preSolution
		Debug|Any CPU = Debug|Any CPU
		Release|Any CPU = Release|Any CPU
	EndGlobalSection
	GlobalSection(ProjectConfigurationPlatforms) = postSolution
		{96DFE32F-8D29-4E2D-BDA9-C38E0F2AEB45}.Debug|Any CPU.ActiveCfg = Debug|Any CPU
		{96DFE32F-8D29-4E2D-BDA9-C38E0F2AEB45}.Debug|Any CPU.Build.0 = Debug|Any CPU
		{96DFE32F-8D29-4E2D-BDA9-C38E0F2AEB45}.Release|Any CPU.ActiveCfg = Release|Any CPU
		{96DFE32F-8D29-4E2D-BDA9-C38E0F2AEB45}.Release|Any CPU.Build.0 = Release|Any CPU
	EndGlobalSection
	GlobalSection(SolutionProperties) = preSolution
		HideSolutionNode = FALSE
	EndGlobalSection
	GlobalSection(ExtensibilityGlobals) = postSolution
		SolutionGuid = {28854870-7BFF-401F-BF52-E65F48AEAA93}
	EndGlobalSection
EndGlobal
